
Microsoft Visual Studio Solution File, Format Version 12.00
# Visual Studio Version 17
VisualStudioVersion = 17.5.33424.131
MinimumVisualStudioVersion = 10.0.40219.1
Project("{FAE04EC0-301F-11D3-BF4B-00C04F79EFBC}") = "ActiveRecordWork", "ActiveRecordWork\ActiveRecordWork.csproj", "{F97FAEA9-80ED-4FF4-80B8-C980F3F95A2C}"
EndProject
Global
	GlobalSection(SolutionConfigurationPlatforms) = preSolution
		Debug|Any CPU = Debug|Any CPU
		Release|Any CPU = Release|Any CPU
	EndGlobalSection
	GlobalSection(ProjectConfigurationPlatforms) = postSolution
		{F97FAEA9-80ED-4FF4-80B8-C980F3F95A2C}.Debug|Any CPU.ActiveCfg = Debug|Any CPU
		{F97FAEA9-80ED-4FF4-80B8-C980F3F95A2C}.Debug|Any CPU.Build.0 = Debug|Any CPU
		{F97FAEA9-80ED-4FF4-80B8-C980F3F95A2C}.Release|Any CPU.ActiveCfg = Release|Any CPU
		{F97FAEA9-80ED-4FF4-80B8-C980F3F95A2C}.Release|Any CPU.Build.0 = Release|Any CPU
	EndGlobalSection
	GlobalSection(SolutionProperties) = preSolution
		HideSolutionNode = FALSE
	EndGlobalSection
	GlobalSection(ExtensibilityGlobals) = postSolution
		SolutionGuid = {7748F0D3-2515-4943-9D76-53002274F708}
	EndGlobalSection
EndGlobal
